// !$*UTF8*$!
{
	archiveVersion = 1;
	classes = {
	};
	objectVersion = 77;
	objects = {

/* Begin PBXBuildFile section */
		1B2334641D97D3DC1B552604 /* Pods_Burp_Suite_Guide.framework in Frameworks */ = {isa = PBXBuildFile; fileRef = CE23FC0B65C4EB513C966367 /* Pods_Burp_Suite_Guide.framework */; };
		7CC789A5322F33048855DCE3 /* Pods_Burp_Suite_GuideTests.framework in Frameworks */ = {isa = PBXBuildFile; fileRef = 9E3892830B6B962248322F0D /* Pods_Burp_Suite_GuideTests.framework */; };
		A1A8E658BB53A15526DAFB60 /* Pods_Burp_Suite_Guide_Burp_Suite_GuideUITests.framework in Frameworks */ = {isa = PBXBuildFile; fileRef = 01B53C8763E4A96D2900CB68 /* Pods_Burp_Suite_Guide_Burp_Suite_GuideUITests.framework */; };
		B2F4A72C2CCF72E90016CAD5 /* Lottie in Frameworks */ = {isa = PBXBuildFile; productRef = B2F4A72B2CCF72E90016CAD5 /* Lottie */; };
/* End PBXBuildFile section */

/* Begin PBXContainerItemProxy section */
		B2F4A6AF2CCF6F1B0016CAD5 /* PBXContainerItemProxy */ = {
			isa = PBXContainerItemProxy;
			containerPortal = B2F4A6962CCF6F190016CAD5 /* Project object */;
			proxyType = 1;
			remoteGlobalIDString = B2F4A69D2CCF6F190016CAD5;
			remoteInfo = "Burp Suite Guide";
		};
		B2F4A6B92CCF6F1B0016CAD5 /* PBXContainerItemProxy */ = {
			isa = PBXContainerItemProxy;
			containerPortal = B2F4A6962CCF6F190016CAD5 /* Project object */;
			proxyType = 1;
			remoteGlobalIDString = B2F4A69D2CCF6F190016CAD5;
			remoteInfo = "Burp Suite Guide";
		};
/* End PBXContainerItemProxy section */

/* Begin PBXFileReference section */
		01B53C8763E4A96D2900CB68 /* Pods_Burp_Suite_Guide_Burp_Suite_GuideUITests.framework */ = {isa = PBXFileReference; explicitFileType = wrapper.framework; includeInIndex = 0; path = Pods_Burp_Suite_Guide_Burp_Suite_GuideUITests.framework; sourceTree = BUILT_PRODUCTS_DIR; };
		33A6424AC4605EDFFE5D5A43 /* Pods-Burp Suite Guide.release.xcconfig */ = {isa = PBXFileReference; includeInIndex = 1; lastKnownFileType = text.xcconfig; name = "Pods-Burp Suite Guide.release.xcconfig"; path = "Target Support Files/Pods-Burp Suite Guide/Pods-Burp Suite Guide.release.xcconfig"; sourceTree = "<group>"; };
		395DA0027D2A2F9345549537 /* Pods-Burp Suite GuideTests.release.xcconfig */ = {isa = PBXFileReference; includeInIndex = 1; lastKnownFileType = text.xcconfig; name = "Pods-Burp Suite GuideTests.release.xcconfig"; path = "Target Support Files/Pods-Burp Suite GuideTests/Pods-Burp Suite GuideTests.release.xcconfig"; sourceTree = "<group>"; };
		5152A340F36A2C3104D9BC58 /* Pods-Burp Suite Guide-Burp Suite GuideUITests.release.xcconfig */ = {isa = PBXFileReference; includeInIndex = 1; lastKnownFileType = text.xcconfig; name = "Pods-Burp Suite Guide-Burp Suite GuideUITests.release.xcconfig"; path = "Target Support Files/Pods-Burp Suite Guide-Burp Suite GuideUITests/Pods-Burp Suite Guide-Burp Suite GuideUITests.release.xcconfig"; sourceTree = "<group>"; };
		5F6DCC6001EB15874A4C5FEB /* Pods-Burp Suite GuideTests.debug.xcconfig */ = {isa = PBXFileReference; includeInIndex = 1; lastKnownFileType = text.xcconfig; name = "Pods-Burp Suite GuideTests.debug.xcconfig"; path = "Target Support Files/Pods-Burp Suite GuideTests/Pods-Burp Suite GuideTests.debug.xcconfig"; sourceTree = "<group>"; };
		9E3892830B6B962248322F0D /* Pods_Burp_Suite_GuideTests.framework */ = {isa = PBXFileReference; explicitFileType = wrapper.framework; includeInIndex = 0; path = Pods_Burp_Suite_GuideTests.framework; sourceTree = BUILT_PRODUCTS_DIR; };
		B2F4A69E2CCF6F190016CAD5 /* Burp Suite Guide.app */ = {isa = PBXFileReference; explicitFileType = wrapper.application; includeInIndex = 0; path = "Burp Suite Guide.app"; sourceTree = BUILT_PRODUCTS_DIR; };
		B2F4A6AE2CCF6F1B0016CAD5 /* Burp Suite GuideTests.xctest */ = {isa = PBXFileReference; explicitFileType = wrapper.cfbundle; includeInIndex = 0; path = "Burp Suite GuideTests.xctest"; sourceTree = BUILT_PRODUCTS_DIR; };
		B2F4A6B82CCF6F1B0016CAD5 /* Burp Suite GuideUITests.xctest */ = {isa = PBXFileReference; explicitFileType = wrapper.cfbundle; includeInIndex = 0; path = "Burp Suite GuideUITests.xctest"; sourceTree = BUILT_PRODUCTS_DIR; };
		C09D96C271AD1216246B85EF /* Pods-Burp Suite Guide-Burp Suite GuideUITests.debug.xcconfig */ = {isa = PBXFileReference; includeInIndex = 1; lastKnownFileType = text.xcconfig; name = "Pods-Burp Suite Guide-Burp Suite GuideUITests.debug.xcconfig"; path = "Target Support Files/Pods-Burp Suite Guide-Burp Suite GuideUITests/Pods-Burp Suite Guide-Burp Suite GuideUITests.debug.xcconfig"; sourceTree = "<group>"; };
		CE23FC0B65C4EB513C966367 /* Pods_Burp_Suite_Guide.framework */ = {isa = PBXFileReference; explicitFileType = wrapper.framework; includeInIndex = 0; path = Pods_Burp_Suite_Guide.framework; sourceTree = BUILT_PRODUCTS_DIR; };
		F5138C5A7EACE8AA6521A7EE /* Pods-Burp Suite Guide.debug.xcconfig */ = {isa = PBXFileReference; includeInIndex = 1; lastKnownFileType = text.xcconfig; name = "Pods-Burp Suite Guide.debug.xcconfig"; path = "Target Support Files/Pods-Burp Suite Guide/Pods-Burp Suite Guide.debug.xcconfig"; sourceTree = "<group>"; };
/* End PBXFileReference section */

/* Begin PBXFileSystemSynchronizedRootGroup section */
		B2F4A6A02CCF6F190016CAD5 /* Burp Suite Guide */ = {
			isa = PBXFileSystemSynchronizedRootGroup;
			path = "Burp Suite Guide";
			sourceTree = "<group>";
		};
		B2F4A6B12CCF6F1B0016CAD5 /* Burp Suite GuideTests */ = {
			isa = PBXFileSystemSynchronizedRootGroup;
			path = "Burp Suite GuideTests";
			sourceTree = "<group>";
		};
		B2F4A6BB2CCF6F1B0016CAD5 /* Burp Suite GuideUITests */ = {
			isa = PBXFileSystemSynchronizedRootGroup;
			path = "Burp Suite GuideUITests";
			sourceTree = "<group>";
		};
/* End PBXFileSystemSynchronizedRootGroup section */

/* Begin PBXFrameworksBuildPhase section */
		B2F4A69B2CCF6F190016CAD5 /* Frameworks */ = {
			isa = PBXFrameworksBuildPhase;
			buildActionMask = 2147483647;
			files = (
				B2F4A72C2CCF72E90016CAD5 /* Lottie in Frameworks */,
				1B2334641D97D3DC1B552604 /* Pods_Burp_Suite_Guide.framework in Frameworks */,
			);
			runOnlyForDeploymentPostprocessing = 0;
		};
		B2F4A6AB2CCF6F1B0016CAD5 /* Frameworks */ = {
			isa = PBXFrameworksBuildPhase;
			buildActionMask = 2147483647;
			files = (
				7CC789A5322F33048855DCE3 /* Pods_Burp_Suite_GuideTests.framework in Frameworks */,
			);
			runOnlyForDeploymentPostprocessing = 0;
		};
		B2F4A6B52CCF6F1B0016CAD5 /* Frameworks */ = {
			isa = PBXFrameworksBuildPhase;
			buildActionMask = 2147483647;
			files = (
				A1A8E658BB53A15526DAFB60 /* Pods_Burp_Suite_Guide_Burp_Suite_GuideUITests.framework in Frameworks */,
			);
			runOnlyForDeploymentPostprocessing = 0;
		};
/* End PBXFrameworksBuildPhase section */

/* Begin PBXGroup section */
		0F141681E934633A9F0C2A45 /* Pods */ = {
			isa = PBXGroup;
			children = (
				F5138C5A7EACE8AA6521A7EE /* Pods-Burp Suite Guide.debug.xcconfig */,
				33A6424AC4605EDFFE5D5A43 /* Pods-Burp Suite Guide.release.xcconfig */,
				C09D96C271AD1216246B85EF /* Pods-Burp Suite Guide-Burp Suite GuideUITests.debug.xcconfig */,
				5152A340F36A2C3104D9BC58 /* Pods-Burp Suite Guide-Burp Suite GuideUITests.release.xcconfig */,
				5F6DCC6001EB15874A4C5FEB /* Pods-Burp Suite GuideTests.debug.xcconfig */,
				395DA0027D2A2F9345549537 /* Pods-Burp Suite GuideTests.release.xcconfig */,
			);
			path = Pods;
			sourceTree = "<group>";
		};
		39808CAF53BADE97A655CF40 /* Frameworks */ = {
			isa = PBXGroup;
			children = (
				CE23FC0B65C4EB513C966367 /* Pods_Burp_Suite_Guide.framework */,
				01B53C8763E4A96D2900CB68 /* Pods_Burp_Suite_Guide_Burp_Suite_GuideUITests.framework */,
				9E3892830B6B962248322F0D /* Pods_Burp_Suite_GuideTests.framework */,
			);
			name = Frameworks;
			sourceTree = "<group>";
		};
		B2F4A6952CCF6F190016CAD5 = {
			isa = PBXGroup;
			children = (
				B2F4A6A02CCF6F190016CAD5 /* Burp Suite Guide */,
				B2F4A6B12CCF6F1B0016CAD5 /* Burp Suite GuideTests */,
				B2F4A6BB2CCF6F1B0016CAD5 /* Burp Suite GuideUITests */,
				B2F4A69F2CCF6F190016CAD5 /* Products */,
				0F141681E934633A9F0C2A45 /* Pods */,
				39808CAF53BADE97A655CF40 /* Frameworks */,
			);
			sourceTree = "<group>";
		};
		B2F4A69F2CCF6F190016CAD5 /* Products */ = {
			isa = PBXGroup;
			children = (
				B2F4A69E2CCF6F190016CAD5 /* Burp Suite Guide.app */,
				B2F4A6AE2CCF6F1B0016CAD5 /* Burp Suite GuideTests.xctest */,
				B2F4A6B82CCF6F1B0016CAD5 /* Burp Suite GuideUITests.xctest */,
			);
			name = Products;
			sourceTree = "<group>";
		};
/* End PBXGroup section */

/* Begin PBXNativeTarget section */
		B2F4A69D2CCF6F190016CAD5 /* Burp Suite Guide */ = {
			isa = PBXNativeTarget;
			buildConfigurationList = B2F4A6C22CCF6F1B0016CAD5 /* Build configuration list for PBXNativeTarget "Burp Suite Guide" */;
			buildPhases = (
				BDF7BE4ABA1ADBEA8D50A092 /* [CP] Check Pods Manifest.lock */,
				B2F4A69A2CCF6F190016CAD5 /* Sources */,
				B2F4A69B2CCF6F190016CAD5 /* Frameworks */,
				B2F4A69C2CCF6F190016CAD5 /* Resources */,
				B601D9F7F2B6F2D5E191702D /* [CP] Copy Pods Resources */,
			);
			buildRules = (
			);
			dependencies = (
			);
			fileSystemSynchronizedGroups = (
				B2F4A6A02CCF6F190016CAD5 /* Burp Suite Guide */,
			);
			name = "Burp Suite Guide";
			packageProductDependencies = (
				B2F4A72B2CCF72E90016CAD5 /* Lottie */,
			);
			productName = "Burp Suite Guide";
			productReference = B2F4A69E2CCF6F190016CAD5 /* Burp Suite Guide.app */;
			productType = "com.apple.product-type.application";
		};
		B2F4A6AD2CCF6F1B0016CAD5 /* Burp Suite GuideTests */ = {
			isa = PBXNativeTarget;
			buildConfigurationList = B2F4A6C52CCF6F1B0016CAD5 /* Build configuration list for PBXNativeTarget "Burp Suite GuideTests" */;
			buildPhases = (
				0865D985E7B65DB35305D5FD /* [CP] Check Pods Manifest.lock */,
				B2F4A6AA2CCF6F1B0016CAD5 /* Sources */,
				B2F4A6AB2CCF6F1B0016CAD5 /* Frameworks */,
				B2F4A6AC2CCF6F1B0016CAD5 /* Resources */,
			);
			buildRules = (
			);
			dependencies = (
				B2F4A6B02CCF6F1B0016CAD5 /* PBXTargetDependency */,
			);
			fileSystemSynchronizedGroups = (
				B2F4A6B12CCF6F1B0016CAD5 /* Burp Suite GuideTests */,
			);
			name = "Burp Suite GuideTests";
			productName = "Burp Suite GuideTests";
			productReference = B2F4A6AE2CCF6F1B0016CAD5 /* Burp Suite GuideTests.xctest */;
			productType = "com.apple.product-type.bundle.unit-test";
		};
		B2F4A6B72CCF6F1B0016CAD5 /* Burp Suite GuideUITests */ = {
			isa = PBXNativeTarget;
			buildConfigurationList = B2F4A6C82CCF6F1B0016CAD5 /* Build configuration list for PBXNativeTarget "Burp Suite GuideUITests" */;
			buildPhases = (
				61F7F7F7582F5CA233D2A201 /* [CP] Check Pods Manifest.lock */,
				B2F4A6B42CCF6F1B0016CAD5 /* Sources */,
				B2F4A6B52CCF6F1B0016CAD5 /* Frameworks */,
				B2F4A6B62CCF6F1B0016CAD5 /* Resources */,
				CD6211BE37EE8B5F335FC3FC /* [CP] Copy Pods Resources */,
			);
			buildRules = (
			);
			dependencies = (
				B2F4A6BA2CCF6F1B0016CAD5 /* PBXTargetDependency */,
			);
			fileSystemSynchronizedGroups = (
				B2F4A6BB2CCF6F1B0016CAD5 /* Burp Suite GuideUITests */,
			);
			name = "Burp Suite GuideUITests";
			productName = "Burp Suite GuideUITests";
			productReference = B2F4A6B82CCF6F1B0016CAD5 /* Burp Suite GuideUITests.xctest */;
			productType = "com.apple.product-type.bundle.ui-testing";
		};
/* End PBXNativeTarget section */

/* Begin PBXProject section */
		B2F4A6962CCF6F190016CAD5 /* Project object */ = {
			isa = PBXProject;
			attributes = {
				BuildIndependentTargetsInParallel = 1;
				LastSwiftUpdateCheck = 1600;
				LastUpgradeCheck = 1600;
				TargetAttributes = {
					B2F4A69D2CCF6F190016CAD5 = {
						CreatedOnToolsVersion = 16.0;
					};
					B2F4A6AD2CCF6F1B0016CAD5 = {
						CreatedOnToolsVersion = 16.0;
						TestTargetID = B2F4A69D2CCF6F190016CAD5;
					};
					B2F4A6B72CCF6F1B0016CAD5 = {
						CreatedOnToolsVersion = 16.0;
						TestTargetID = B2F4A69D2CCF6F190016CAD5;
					};
				};
			};
			buildConfigurationList = B2F4A6992CCF6F190016CAD5 /* Build configuration list for PBXProject "Burp Suite Guide" */;
			developmentRegion = en;
			hasScannedForEncodings = 0;
			knownRegions = (
				en,
				Base,
			);
			mainGroup = B2F4A6952CCF6F190016CAD5;
			minimizedProjectReferenceProxies = 1;
			packageReferences = (
				B2F4A7242CCF71590016CAD5 /* XCRemoteSwiftPackageReference "lottie-ios" */,
			);
			preferredProjectObjectVersion = 77;
			productRefGroup = B2F4A69F2CCF6F190016CAD5 /* Products */;
			projectDirPath = "";
			projectRoot = "";
			targets = (
				B2F4A69D2CCF6F190016CAD5 /* Burp Suite Guide */,
				B2F4A6AD2CCF6F1B0016CAD5 /* Burp Suite GuideTests */,
				B2F4A6B72CCF6F1B0016CAD5 /* Burp Suite GuideUITests */,
			);
		};
/* End PBXProject section */

/* Begin PBXResourcesBuildPhase section */
		B2F4A69C2CCF6F190016CAD5 /* Resources */ = {
			isa = PBXResourcesBuildPhase;
			buildActionMask = 2147483647;
			files = (
			);
			runOnlyForDeploymentPostprocessing = 0;
		};
		B2F4A6AC2CCF6F1B0016CAD5 /* Resources */ = {
			isa = PBXResourcesBuildPhase;
			buildActionMask = 2147483647;
			files = (
			);
			runOnlyForDeploymentPostprocessing = 0;
		};
		B2F4A6B62CCF6F1B0016CAD5 /* Resources */ = {
			isa = PBXResourcesBuildPhase;
			buildActionMask = 2147483647;
			files = (
			);
			runOnlyForDeploymentPostprocessing = 0;
		};
/* End PBXResourcesBuildPhase section */

/* Begin PBXShellScriptBuildPhase section */
		0865D985E7B65DB35305D5FD /* [CP] Check Pods Manifest.lock */ = {
			isa = PBXShellScriptBuildPhase;
			buildActionMask = 2147483647;
			files = (
			);
			inputFileListPaths = (
			);
			inputPaths = (
				"${PODS_PODFILE_DIR_PATH}/Podfile.lock",
				"${PODS_ROOT}/Manifest.lock",
			);
			name = "[CP] Check Pods Manifest.lock";
			outputFileListPaths = (
			);
			outputPaths = (
				"$(DERIVED_FILE_DIR)/Pods-Burp Suite GuideTests-checkManifestLockResult.txt",
			);
			runOnlyForDeploymentPostprocessing = 0;
			shellPath = /bin/sh;
			shellScript = "diff \"${PODS_PODFILE_DIR_PATH}/Podfile.lock\" \"${PODS_ROOT}/Manifest.lock\" > /dev/null\nif [ $? != 0 ] ; then\n    # print error to STDERR\n    echo \"error: The sandbox is not in sync with the Podfile.lock. Run 'pod install' or update your CocoaPods installation.\" >&2\n    exit 1\nfi\n# This output is used by Xcode 'outputs' to avoid re-running this script phase.\necho \"SUCCESS\" > \"${SCRIPT_OUTPUT_FILE_0}\"\n";
			showEnvVarsInLog = 0;
		};
		61F7F7F7582F5CA233D2A201 /* [CP] Check Pods Manifest.lock */ = {
			isa = PBXShellScriptBuildPhase;
			buildActionMask = 2147483647;
			files = (
			);
			inputFileListPaths = (
			);
			inputPaths = (
				"${PODS_PODFILE_DIR_PATH}/Podfile.lock",
				"${PODS_ROOT}/Manifest.lock",
			);
			name = "[CP] Check Pods Manifest.lock";
			outputFileListPaths = (
			);
			outputPaths = (
				"$(DERIVED_FILE_DIR)/Pods-Burp Suite Guide-Burp Suite GuideUITests-checkManifestLockResult.txt",
			);
			runOnlyForDeploymentPostprocessing = 0;
			shellPath = /bin/sh;
			shellScript = "diff \"${PODS_PODFILE_DIR_PATH}/Podfile.lock\" \"${PODS_ROOT}/Manifest.lock\" > /dev/null\nif [ $? != 0 ] ; then\n    # print error to STDERR\n    echo \"error: The sandbox is not in sync with the Podfile.lock. Run 'pod install' or update your CocoaPods installation.\" >&2\n    exit 1\nfi\n# This output is used by Xcode 'outputs' to avoid re-running this script phase.\necho \"SUCCESS\" > \"${SCRIPT_OUTPUT_FILE_0}\"\n";
			showEnvVarsInLog = 0;
		};
		B601D9F7F2B6F2D5E191702D /* [CP] Copy Pods Resources */ = {
			isa = PBXShellScriptBuildPhase;
			buildActionMask = 2147483647;
			files = (
			);
			inputFileListPaths = (
				"${PODS_ROOT}/Target Support Files/Pods-Burp Suite Guide/Pods-Burp Suite Guide-resources-${CONFIGURATION}-input-files.xcfilelist",
			);
			name = "[CP] Copy Pods Resources";
			outputFileListPaths = (
				"${PODS_ROOT}/Target Support Files/Pods-Burp Suite Guide/Pods-Burp Suite Guide-resources-${CONFIGURATION}-output-files.xcfilelist",
			);
			runOnlyForDeploymentPostprocessing = 0;
			shellPath = /bin/sh;
			shellScript = "\"${PODS_ROOT}/Target Support Files/Pods-Burp Suite Guide/Pods-Burp Suite Guide-resources.sh\"\n";
			showEnvVarsInLog = 0;
		};
		BDF7BE4ABA1ADBEA8D50A092 /* [CP] Check Pods Manifest.lock */ = {
			isa = PBXShellScriptBuildPhase;
			buildActionMask = 2147483647;
			files = (
			);
			inputFileListPaths = (
			);
			inputPaths = (
				"${PODS_PODFILE_DIR_PATH}/Podfile.lock",
				"${PODS_ROOT}/Manifest.lock",
			);
			name = "[CP] Check Pods Manifest.lock";
			outputFileListPaths = (
			);
			outputPaths = (
				"$(DERIVED_FILE_DIR)/Pods-Burp Suite Guide-checkManifestLockResult.txt",
			);
			runOnlyForDeploymentPostprocessing = 0;
			shellPath = /bin/sh;
			shellScript = "diff \"${PODS_PODFILE_DIR_PATH}/Podfile.lock\" \"${PODS_ROOT}/Manifest.lock\" > /dev/null\nif [ $? != 0 ] ; then\n    # print error to STDERR\n    echo \"error: The sandbox is not in sync with the Podfile.lock. Run 'pod install' or update your CocoaPods installation.\" >&2\n    exit 1\nfi\n# This output is used by Xcode 'outputs' to avoid re-running this script phase.\necho \"SUCCESS\" > \"${SCRIPT_OUTPUT_FILE_0}\"\n";
			showEnvVarsInLog = 0;
		};
		CD6211BE37EE8B5F335FC3FC /* [CP] Copy Pods Resources */ = {
			isa = PBXShellScriptBuildPhase;
			buildActionMask = 2147483647;
			files = (
			);
			inputFileListPaths = (
				"${PODS_ROOT}/Target Support Files/Pods-Burp Suite Guide-Burp Suite GuideUITests/Pods-Burp Suite Guide-Burp Suite GuideUITests-resources-${CONFIGURATION}-input-files.xcfilelist",
			);
			name = "[CP] Copy Pods Resources";
			outputFileListPaths = (
				"${PODS_ROOT}/Target Support Files/Pods-Burp Suite Guide-Burp Suite GuideUITests/Pods-Burp Suite Guide-Burp Suite GuideUITests-resources-${CONFIGURATION}-output-files.xcfilelist",
			);
			runOnlyForDeploymentPostprocessing = 0;
			shellPath = /bin/sh;
			shellScript = "\"${PODS_ROOT}/Target Support Files/Pods-Burp Suite Guide-Burp Suite GuideUITests/Pods-Burp Suite Guide-Burp Suite GuideUITests-resources.sh\"\n";
			showEnvVarsInLog = 0;
		};
/* End PBXShellScriptBuildPhase section */

/* Begin PBXSourcesBuildPhase section */
		B2F4A69A2CCF6F190016CAD5 /* Sources */ = {
			isa = PBXSourcesBuildPhase;
			buildActionMask = 2147483647;
			files = (
			);
			runOnlyForDeploymentPostprocessing = 0;
		};
		B2F4A6AA2CCF6F1B0016CAD5 /* Sources */ = {
			isa = PBXSourcesBuildPhase;
			buildActionMask = 2147483647;
			files = (
			);
			runOnlyForDeploymentPostprocessing = 0;
		};
		B2F4A6B42CCF6F1B0016CAD5 /* Sources */ = {
			isa = PBXSourcesBuildPhase;
			buildActionMask = 2147483647;
			files = (
			);
			runOnlyForDeploymentPostprocessing = 0;
		};
/* End PBXSourcesBuildPhase section */

/* Begin PBXTargetDependency section */
		B2F4A6B02CCF6F1B0016CAD5 /* PBXTargetDependency */ = {
			isa = PBXTargetDependency;
			target = B2F4A69D2CCF6F190016CAD5 /* Burp Suite Guide */;
			targetProxy = B2F4A6AF2CCF6F1B0016CAD5 /* PBXContainerItemProxy */;
		};
		B2F4A6BA2CCF6F1B0016CAD5 /* PBXTargetDependency */ = {
			isa = PBXTargetDependency;
			target = B2F4A69D2CCF6F190016CAD5 /* Burp Suite Guide */;
			targetProxy = B2F4A6B92CCF6F1B0016CAD5 /* PBXContainerItemProxy */;
		};
/* End PBXTargetDependency section */

/* Begin XCBuildConfiguration section */
		B2F4A6C02CCF6F1B0016CAD5 /* Debug */ = {
			isa = XCBuildConfiguration;
			buildSettings = {
				ALWAYS_SEARCH_USER_PATHS = NO;
				ASSETCATALOG_COMPILER_GENERATE_SWIFT_ASSET_SYMBOL_EXTENSIONS = YES;
				CLANG_ANALYZER_NONNULL = YES;
				CLANG_ANALYZER_NUMBER_OBJECT_CONVERSION = YES_AGGRESSIVE;
				CLANG_CXX_LANGUAGE_STANDARD = "gnu++20";
				CLANG_ENABLE_MODULES = YES;
				CLANG_ENABLE_OBJC_ARC = YES;
				CLANG_ENABLE_OBJC_WEAK = YES;
				CLANG_WARN_BLOCK_CAPTURE_AUTORELEASING = YES;
				CLANG_WARN_BOOL_CONVERSION = YES;
				CLANG_WARN_COMMA = YES;
				CLANG_WARN_CONSTANT_CONVERSION = YES;
				CLANG_WARN_DEPRECATED_OBJC_IMPLEMENTATIONS = YES;
				CLANG_WARN_DIRECT_OBJC_ISA_USAGE = YES_ERROR;
				CLANG_WARN_DOCUMENTATION_COMMENTS = YES;
				CLANG_WARN_EMPTY_BODY = YES;
				CLANG_WARN_ENUM_CONVERSION = YES;
				CLANG_WARN_INFINITE_RECURSION = YES;
				CLANG_WARN_INT_CONVERSION = YES;
				CLANG_WARN_NON_LITERAL_NULL_CONVERSION = YES;
				CLANG_WARN_OBJC_IMPLICIT_RETAIN_SELF = YES;
				CLANG_WARN_OBJC_LITERAL_CONVERSION = YES;
				CLANG_WARN_OBJC_ROOT_CLASS = YES_ERROR;
				CLANG_WARN_QUOTED_INCLUDE_IN_FRAMEWORK_HEADER = YES;
				CLANG_WARN_RANGE_LOOP_ANALYSIS = YES;
				CLANG_WARN_STRICT_PROTOTYPES = YES;
				CLANG_WARN_SUSPICIOUS_MOVE = YES;
				CLANG_WARN_UNGUARDED_AVAILABILITY = YES_AGGRESSIVE;
				CLANG_WARN_UNREACHABLE_CODE = YES;
				CLANG_WARN__DUPLICATE_METHOD_MATCH = YES;
				COPY_PHASE_STRIP = NO;
				DEBUG_INFORMATION_FORMAT = dwarf;
				ENABLE_STRICT_OBJC_MSGSEND = YES;
				ENABLE_TESTABILITY = YES;
				ENABLE_USER_SCRIPT_SANDBOXING = NO;
				GCC_C_LANGUAGE_STANDARD = gnu17;
				GCC_DYNAMIC_NO_PIC = NO;
				GCC_NO_COMMON_BLOCKS = YES;
				GCC_OPTIMIZATION_LEVEL = 0;
				GCC_PREPROCESSOR_DEFINITIONS = (
					"DEBUG=1",
					"$(inherited)",
				);
				GCC_WARN_64_TO_32_BIT_CONVERSION = YES;
				GCC_WARN_ABOUT_RETURN_TYPE = YES_ERROR;
				GCC_WARN_UNDECLARED_SELECTOR = YES;
				GCC_WARN_UNINITIALIZED_AUTOS = YES_AGGRESSIVE;
				GCC_WARN_UNUSED_FUNCTION = YES;
				GCC_WARN_UNUSED_VARIABLE = YES;
				IPHONEOS_DEPLOYMENT_TARGET = 18.0;
				LOCALIZATION_PREFERS_STRING_CATALOGS = YES;
				MTL_ENABLE_DEBUG_INFO = INCLUDE_SOURCE;
				MTL_FAST_MATH = YES;
				ONLY_ACTIVE_ARCH = YES;
				SDKROOT = iphoneos;
				SWIFT_ACTIVE_COMPILATION_CONDITIONS = "DEBUG $(inherited)";
				SWIFT_OPTIMIZATION_LEVEL = "-Onone";
			};
			name = Debug;
		};
		B2F4A6C12CCF6F1B0016CAD5 /* Release */ = {
			isa = XCBuildConfiguration;
			buildSettings = {
				ALWAYS_SEARCH_USER_PATHS = NO;
				ASSETCATALOG_COMPILER_GENERATE_SWIFT_ASSET_SYMBOL_EXTENSIONS = YES;
				CLANG_ANALYZER_NONNULL = YES;
				CLANG_ANALYZER_NUMBER_OBJECT_CONVERSION = YES_AGGRESSIVE;
				CLANG_CXX_LANGUAGE_STANDARD = "gnu++20";
				CLANG_ENABLE_MODULES = YES;
				CLANG_ENABLE_OBJC_ARC = YES;
				CLANG_ENABLE_OBJC_WEAK = YES;
				CLANG_WARN_BLOCK_CAPTURE_AUTORELEASING = YES;
				CLANG_WARN_BOOL_CONVERSION = YES;
				CLANG_WARN_COMMA = YES;
				CLANG_WARN_CONSTANT_CONVERSION = YES;
				CLANG_WARN_DEPRECATED_OBJC_IMPLEMENTATIONS = YES;
				CLANG_WARN_DIRECT_OBJC_ISA_USAGE = YES_ERROR;
				CLANG_WARN_DOCUMENTATION_COMMENTS = YES;
				CLANG_WARN_EMPTY_BODY = YES;
				CLANG_WARN_ENUM_CONVERSION = YES;
				CLANG_WARN_INFINITE_RECURSION = YES;
				CLANG_WARN_INT_CONVERSION = YES;
				CLANG_WARN_NON_LITERAL_NULL_CONVERSION = YES;
				CLANG_WARN_OBJC_IMPLICIT_RETAIN_SELF = YES;
				CLANG_WARN_OBJC_LITERAL_CONVERSION = YES;
				CLANG_WARN_OBJC_ROOT_CLASS = YES_ERROR;
				CLANG_WARN_QUOTED_INCLUDE_IN_FRAMEWORK_HEADER = YES;
				CLANG_WARN_RANGE_LOOP_ANALYSIS = YES;
				CLANG_WARN_STRICT_PROTOTYPES = YES;
				CLANG_WARN_SUSPICIOUS_MOVE = YES;
				CLANG_WARN_UNGUARDED_AVAILABILITY = YES_AGGRESSIVE;
				CLANG_WARN_UNREACHABLE_CODE = YES;
				CLANG_WARN__DUPLICATE_METHOD_MATCH = YES;
				COPY_PHASE_STRIP = NO;
				DEBUG_INFORMATION_FORMAT = "dwarf-with-dsym";
				ENABLE_NS_ASSERTIONS = NO;
				ENABLE_STRICT_OBJC_MSGSEND = YES;
				ENABLE_USER_SCRIPT_SANDBOXING = NO;
				GCC_C_LANGUAGE_STANDARD = gnu17;
				GCC_NO_COMMON_BLOCKS = YES;
				GCC_WARN_64_TO_32_BIT_CONVERSION = YES;
				GCC_WARN_ABOUT_RETURN_TYPE = YES_ERROR;
				GCC_WARN_UNDECLARED_SELECTOR = YES;
				GCC_WARN_UNINITIALIZED_AUTOS = YES_AGGRESSIVE;
				GCC_WARN_UNUSED_FUNCTION = YES;
				GCC_WARN_UNUSED_VARIABLE = YES;
				IPHONEOS_DEPLOYMENT_TARGET = 18.0;
				LOCALIZATION_PREFERS_STRING_CATALOGS = YES;
				MTL_ENABLE_DEBUG_INFO = NO;
				MTL_FAST_MATH = YES;
				SDKROOT = iphoneos;
				SWIFT_COMPILATION_MODE = wholemodule;
				VALIDATE_PRODUCT = YES;
			};
			name = Release;
		};
		B2F4A6C32CCF6F1B0016CAD5 /* Debug */ = {
			isa = XCBuildConfiguration;
			baseConfigurationReference = F5138C5A7EACE8AA6521A7EE /* Pods-Burp Suite Guide.debug.xcconfig */;
			buildSettings = {
				ASSETCATALOG_COMPILER_APPICON_NAME = AppIcon;
				ASSETCATALOG_COMPILER_GLOBAL_ACCENT_COLOR_NAME = AccentColor;
				CODE_SIGN_STYLE = Automatic;
				CURRENT_PROJECT_VERSION = 1;
				DEVELOPMENT_ASSET_PATHS = "\"Burp Suite Guide/Preview Content\"";
				DEVELOPMENT_TEAM = A5HC2D4NZ4;
				ENABLE_PREVIEWS = YES;
				GENERATE_INFOPLIST_FILE = YES;
				INFOPLIST_FILE = "Burp-Suite-Guide-Info.plist";
				INFOPLIST_KEY_LSApplicationCategoryType = "public.app-category.education";
				INFOPLIST_KEY_UIApplicationSceneManifest_Generation = YES;
				INFOPLIST_KEY_UIApplicationSupportsIndirectInputEvents = YES;
				INFOPLIST_KEY_UILaunchScreen_Generation = YES;
				INFOPLIST_KEY_UISupportedInterfaceOrientations_iPad = "UIInterfaceOrientationPortrait UIInterfaceOrientationPortraitUpsideDown UIInterfaceOrientationLandscapeLeft UIInterfaceOrientationLandscapeRight";
				INFOPLIST_KEY_UISupportedInterfaceOrientations_iPhone = "UIInterfaceOrientationPortrait UIInterfaceOrientationLandscapeLeft UIInterfaceOrientationLandscapeRight";
				LD_RUNPATH_SEARCH_PATHS = (
					"$(inherited)",
					"@executable_path/Frameworks",
				);
				MARKETING_VERSION = 1.0;
				PRODUCT_BUNDLE_IDENTIFIER = "com.akshay.link.Burp-Suite-Guide";
				PRODUCT_NAME = "$(TARGET_NAME)";
				SWIFT_EMIT_LOC_STRINGS = YES;
				SWIFT_VERSION = 5.0;
				TARGETED_DEVICE_FAMILY = "1,2";
			};
			name = Debug;
		};
		B2F4A6C42CCF6F1B0016CAD5 /* Release */ = {
			isa = XCBuildConfiguration;
			baseConfigurationReference = 33A6424AC4605EDFFE5D5A43 /* Pods-Burp Suite Guide.release.xcconfig */;
			buildSettings = {
				ASSETCATALOG_COMPILER_APPICON_NAME = AppIcon;
				ASSETCATALOG_COMPILER_GLOBAL_ACCENT_COLOR_NAME = AccentColor;
				CODE_SIGN_STYLE = Automatic;
				CURRENT_PROJECT_VERSION = 1;
				DEVELOPMENT_ASSET_PATHS = "\"Burp Suite Guide/Preview Content\"";
				DEVELOPMENT_TEAM = A5HC2D4NZ4;
				ENABLE_PREVIEWS = YES;
				GENERATE_INFOPLIST_FILE = YES;
				INFOPLIST_FILE = "Burp-Suite-Guide-Info.plist";
				INFOPLIST_KEY_LSApplicationCategoryType = "public.app-category.education";
				INFOPLIST_KEY_UIApplicationSceneManifest_Generation = YES;
				INFOPLIST_KEY_UIApplicationSupportsIndirectInputEvents = YES;
				INFOPLIST_KEY_UILaunchScreen_Generation = YES;
				INFOPLIST_KEY_UISupportedInterfaceOrientations_iPad = "UIInterfaceOrientationPortrait UIInterfaceOrientationPortraitUpsideDown UIInterfaceOrientationLandscapeLeft UIInterfaceOrientationLandscapeRight";
				INFOPLIST_KEY_UISupportedInterfaceOrientations_iPhone = "UIInterfaceOrientationPortrait UIInterfaceOrientationLandscapeLeft UIInterfaceOrientationLandscapeRight";
				LD_RUNPATH_SEARCH_PATHS = (
					"$(inherited)",
					"@executable_path/Frameworks",
				);
				MARKETING_VERSION = 1.0;
				PRODUCT_BUNDLE_IDENTIFIER = "com.akshay.link.Burp-Suite-Guide";
				PRODUCT_NAME = "$(TARGET_NAME)";
				SWIFT_EMIT_LOC_STRINGS = YES;
				SWIFT_VERSION = 5.0;
				TARGETED_DEVICE_FAMILY = "1,2";
			};
			name = Release;
		};
		B2F4A6C62CCF6F1B0016CAD5 /* Debug */ = {
			isa = XCBuildConfiguration;
			baseConfigurationReference = 5F6DCC6001EB15874A4C5FEB /* Pods-Burp Suite GuideTests.debug.xcconfig */;
			buildSettings = {
				BUNDLE_LOADER = "$(TEST_HOST)";
				CODE_SIGN_STYLE = Automatic;
				CURRENT_PROJECT_VERSION = 1;
				DEVELOPMENT_TEAM = A5HC2D4NZ4;
				GENERATE_INFOPLIST_FILE = YES;
				IPHONEOS_DEPLOYMENT_TARGET = 18.0;
				MARKETING_VERSION = 1.0;
				PRODUCT_BUNDLE_IDENTIFIER = "com.akshay.link.Burp-Suite-GuideTests";
				PRODUCT_NAME = "$(TARGET_NAME)";
				SWIFT_EMIT_LOC_STRINGS = NO;
				SWIFT_VERSION = 5.0;
				TARGETED_DEVICE_FAMILY = "1,2";
				TEST_HOST = "$(BUILT_PRODUCTS_DIR)/Burp Suite Guide.app/$(BUNDLE_EXECUTABLE_FOLDER_PATH)/Burp Suite Guide";
			};
			name = Debug;
		};
		B2F4A6C72CCF6F1B0016CAD5 /* Release */ = {
			isa = XCBuildConfiguration;
			baseConfigurationReference = 395DA0027D2A2F9345549537 /* Pods-Burp Suite GuideTests.release.xcconfig */;
			buildSettings = {
				BUNDLE_LOADER = "$(TEST_HOST)";
				CODE_SIGN_STYLE = Automatic;
				CURRENT_PROJECT_VERSION = 1;
				DEVELOPMENT_TEAM = A5HC2D4NZ4;
				GENERATE_INFOPLIST_FILE = YES;
				IPHONEOS_DEPLOYMENT_TARGET = 18.0;
				MARKETING_VERSION = 1.0;
				PRODUCT_BUNDLE_IDENTIFIER = "com.akshay.link.Burp-Suite-GuideTests";
				PRODUCT_NAME = "$(TARGET_NAME)";
				SWIFT_EMIT_LOC_STRINGS = NO;
				SWIFT_VERSION = 5.0;
				TARGETED_DEVICE_FAMILY = "1,2";
				TEST_HOST = "$(BUILT_PRODUCTS_DIR)/Burp Suite Guide.app/$(BUNDLE_EXECUTABLE_FOLDER_PATH)/Burp Suite Guide";
			};
			name = Release;
		};
		B2F4A6C92CCF6F1B0016CAD5 /* Debug */ = {
			isa = XCBuildConfiguration;
			baseConfigurationReference = C09D96C271AD1216246B85EF /* Pods-Burp Suite Guide-Burp Suite GuideUITests.debug.xcconfig */;
			buildSettings = {
				CODE_SIGN_STYLE = Automatic;
				CURRENT_PROJECT_VERSION = 1;
				DEVELOPMENT_TEAM = A5HC2D4NZ4;
				GENERATE_INFOPLIST_FILE = YES;
				MARKETING_VERSION = 1.0;
				PRODUCT_BUNDLE_IDENTIFIER = "com.akshay.link.Burp-Suite-GuideUITests";
				PRODUCT_NAME = "$(TARGET_NAME)";
				SWIFT_EMIT_LOC_STRINGS = NO;
				SWIFT_VERSION = 5.0;
				TARGETED_DEVICE_FAMILY = "1,2";
				TEST_TARGET_NAME = "Burp Suite Guide";
			};
			name = Debug;
		};
		B2F4A6CA2CCF6F1B0016CAD5 /* Release */ = {
			isa = XCBuildConfiguration;
			baseConfigurationReference = 5152A340F36A2C3104D9BC58 /* Pods-Burp Suite Guide-Burp Suite GuideUITests.release.xcconfig */;
			buildSettings = {
				CODE_SIGN_STYLE = Automatic;
				CURRENT_PROJECT_VERSION = 1;
				DEVELOPMENT_TEAM = A5HC2D4NZ4;
				GENERATE_INFOPLIST_FILE = YES;
				MARKETING_VERSION = 1.0;
				PRODUCT_BUNDLE_IDENTIFIER = "com.akshay.link.Burp-Suite-GuideUITests";
				PRODUCT_NAME = "$(TARGET_NAME)";
				SWIFT_EMIT_LOC_STRINGS = NO;
				SWIFT_VERSION = 5.0;
				TARGETED_DEVICE_FAMILY = "1,2";
				TEST_TARGET_NAME = "Burp Suite Guide";
			};
			name = Release;
		};
/* End XCBuildConfiguration section */

/* Begin XCConfigurationList section */
		B2F4A6992CCF6F190016CAD5 /* Build configuration list for PBXProject "Burp Suite Guide" */ = {
			isa = XCConfigurationList;
			buildConfigurations = (
				B2F4A6C02CCF6F1B0016CAD5 /* Debug */,
				B2F4A6C12CCF6F1B0016CAD5 /* Release */,
			);
			defaultConfigurationIsVisible = 0;
			defaultConfigurationName = Release;
		};
		B2F4A6C22CCF6F1B0016CAD5 /* Build configuration list for PBXNativeTarget "Burp Suite Guide" */ = {
			isa = XCConfigurationList;
			buildConfigurations = (
				B2F4A6C32CCF6F1B0016CAD5 /* Debug */,
				B2F4A6C42CCF6F1B0016CAD5 /* Release */,
			);
			defaultConfigurationIsVisible = 0;
			defaultConfigurationName = Release;
		};
		B2F4A6C52CCF6F1B0016CAD5 /* Build configuration list for PBXNativeTarget "Burp Suite GuideTests" */ = {
			isa = XCConfigurationList;
			buildConfigurations = (
				B2F4A6C62CCF6F1B0016CAD5 /* Debug */,
				B2F4A6C72CCF6F1B0016CAD5 /* Release */,
			);
			defaultConfigurationIsVisible = 0;
			defaultConfigurationName = Release;
		};
		B2F4A6C82CCF6F1B0016CAD5 /* Build configuration list for PBXNativeTarget "Burp Suite GuideUITests" */ = {
			isa = XCConfigurationList;
			buildConfigurations = (
				B2F4A6C92CCF6F1B0016CAD5 /* Debug */,
				B2F4A6CA2CCF6F1B0016CAD5 /* Release */,
			);
			defaultConfigurationIsVisible = 0;
			defaultConfigurationName = Release;
		};
/* End XCConfigurationList section */

/* Begin XCRemoteSwiftPackageReference section */
		B2F4A7242CCF71590016CAD5 /* XCRemoteSwiftPackageReference "lottie-ios" */ = {
			isa = XCRemoteSwiftPackageReference;
			repositoryURL = "https://github.com/airbnb/lottie-ios.git";
			requirement = {
				kind = upToNextMajorVersion;
				minimumVersion = 4.5.0;
			};
		};
/* End XCRemoteSwiftPackageReference section */

/* Begin XCSwiftPackageProductDependency section */
		B2F4A72B2CCF72E90016CAD5 /* Lottie */ = {
			isa = XCSwiftPackageProductDependency;
			package = B2F4A7242CCF71590016CAD5 /* XCRemoteSwiftPackageReference "lottie-ios" */;
			productName = Lottie;
		};
/* End XCSwiftPackageProductDependency section */
	};
	rootObject = B2F4A6962CCF6F190016CAD5 /* Project object */;
}
